
Microsoft Visual Studio Solution File, Format Version 12.00
# Visual Studio Version 17
VisualStudioVersion = 17.14.36623.8 d17.14
MinimumVisualStudioVersion = 10.0.40219.1
Project("{FAE04EC0-301F-11D3-BF4B-00C04F79EFBC}") = "Vvodnoe_z2_1", "Vvodnoe_z2_1\Vvodnoe_z2_1.csproj", "{04FF0A66-9A4E-4917-A0CD-1F26EE85F51F}"
EndProject
Project("{FAE04EC0-301F-11D3-BF4B-00C04F79EFBC}") = "Vvodnoe_z2_2", "Vvodnoe_z2_2\Vvodnoe_z2_2.csproj", "{0270C7F2-247D-4834-8284-841A5E8C07DC}"
EndProject
Project("{FAE04EC0-301F-11D3-BF4B-00C04F79EFBC}") = "Vvodnoe_z2_3", "Vvodnoe_z2_3\Vvodnoe_z2_3.csproj", "{0E6B43CF-7E08-4E25-A6F1-BE589398E68A}"
EndProject
Project("{FAE04EC0-301F-11D3-BF4B-00C04F79EFBC}") = "Vvodnoe_z2_4", "Vvodnoe_z2_4\Vvodnoe_z2_4.csproj", "{C9CEBB91-AF86-4C83-B923-95F3383A2529}"
EndProject
Global
	GlobalSection(SolutionConfigurationPlatforms) = preSolution
		Debug|Any CPU = Debug|Any CPU
		Release|Any CPU = Release|Any CPU
	EndGlobalSection
	GlobalSection(ProjectConfigurationPlatforms) = postSolution
		{04FF0A66-9A4E-4917-A0CD-1F26EE85F51F}.Debug|Any CPU.ActiveCfg = Debug|Any CPU
		{04FF0A66-9A4E-4917-A0CD-1F26EE85F51F}.Debug|Any CPU.Build.0 = Debug|Any CPU
		{04FF0A66-9A4E-4917-A0CD-1F26EE85F51F}.Release|Any CPU.ActiveCfg = Release|Any CPU
		{04FF0A66-9A4E-4917-A0CD-1F26EE85F51F}.Release|Any CPU.Build.0 = Release|Any CPU
		{0270C7F2-247D-4834-8284-841A5E8C07DC}.Debug|Any CPU.ActiveCfg = Debug|Any CPU
		{0270C7F2-247D-4834-8284-841A5E8C07DC}.Debug|Any CPU.Build.0 = Debug|Any CPU
		{0270C7F2-247D-4834-8284-841A5E8C07DC}.Release|Any CPU.ActiveCfg = Release|Any CPU
		{0270C7F2-247D-4834-8284-841A5E8C07DC}.Release|Any CPU.Build.0 = Release|Any CPU
		{0E6B43CF-7E08-4E25-A6F1-BE589398E68A}.Debug|Any CPU.ActiveCfg = Debug|Any CPU
		{0E6B43CF-7E08-4E25-A6F1-BE589398E68A}.Debug|Any CPU.Build.0 = Debug|Any CPU
		{0E6B43CF-7E08-4E25-A6F1-BE589398E68A}.Release|Any CPU.ActiveCfg = Release|Any CPU
		{0E6B43CF-7E08-4E25-A6F1-BE589398E68A}.Release|Any CPU.Build.0 = Release|Any CPU
		{C9CEBB91-AF86-4C83-B923-95F3383A2529}.Debug|Any CPU.ActiveCfg = Debug|Any CPU
		{C9CEBB91-AF86-4C83-B923-95F3383A2529}.Debug|Any CPU.Build.0 = Debug|Any CPU
		{C9CEBB91-AF86-4C83-B923-95F3383A2529}.Release|Any CPU.ActiveCfg = Release|Any CPU
		{C9CEBB91-AF86-4C83-B923-95F3383A2529}.Release|Any CPU.Build.0 = Release|Any CPU
	EndGlobalSection
	GlobalSection(SolutionProperties) = preSolution
		HideSolutionNode = FALSE
	EndGlobalSection
	GlobalSection(ExtensibilityGlobals) = postSolution
		SolutionGuid = {3C48E0A3-6C83-41B2-B00A-95B2237E9BCA}
	EndGlobalSection
EndGlobal
